
Microsoft Visual Studio Solution File, Format Version 12.00
# Visual Studio Version 16
VisualStudioVersion = 16.0.31105.61
MinimumVisualStudioVersion = 10.0.40219.1
Project("{FAE04EC0-301F-11D3-BF4B-00C04F79EFBC}") = "APIProject", "APIProject\APIProject.csproj", "{C360B032-5135-44EC-AF3A-1AE1FC162965}"
EndProject
Global
	GlobalSection(SolutionConfigurationPlatforms) = preSolution
		Debug|Any CPU = Debug|Any CPU
		Release|Any CPU = Release|Any CPU
	EndGlobalSection
	GlobalSection(ProjectConfigurationPlatforms) = postSolution
		{C360B032-5135-44EC-AF3A-1AE1FC162965}.Debug|Any CPU.ActiveCfg = Debug|Any CPU
		{C360B032-5135-44EC-AF3A-1AE1FC162965}.Debug|Any CPU.Build.0 = Debug|Any CPU
		{C360B032-5135-44EC-AF3A-1AE1FC162965}.Release|Any CPU.ActiveCfg = Release|Any CPU
		{C360B032-5135-44EC-AF3A-1AE1FC162965}.Release|Any CPU.Build.0 = Release|Any CPU
	EndGlobalSection
	GlobalSection(SolutionProperties) = preSolution
		HideSolutionNode = FALSE
	EndGlobalSection
	GlobalSection(ExtensibilityGlobals) = postSolution
		SolutionGuid = {6FDDEAE3-89E8-42D6-A497-CA341A1E0D78}
	EndGlobalSection
EndGlobal
